// !$*UTF8*$!
{
	archiveVersion = 1;
	classes = {
	};
	objectVersion = 50;
	objects = {

/* Begin PBXBuildFile section */
		E90D581825EA8C0F00D3E0E3 /* SerieViewModel.swift in Sources */ = {isa = PBXBuildFile; fileRef = E90D581725EA8C0F00D3E0E3 /* SerieViewModel.swift */; };
		E90D581D25EA8CDE00D3E0E3 /* HomeViewModelMapper.swift in Sources */ = {isa = PBXBuildFile; fileRef = E90D581C25EA8CDE00D3E0E3 /* HomeViewModelMapper.swift */; };
		E90D582225EA8F1600D3E0E3 /* HomePresenter.swift in Sources */ = {isa = PBXBuildFile; fileRef = E90D582125EA8F1600D3E0E3 /* HomePresenter.swift */; };
		E90D582A25EA935700D3E0E3 /* UIColor+hex.swift in Sources */ = {isa = PBXBuildFile; fileRef = E90D582925EA935700D3E0E3 /* UIColor+hex.swift */; };
		E90D582F25EA945000D3E0E3 /* Constants.swift in Sources */ = {isa = PBXBuildFile; fileRef = E90D582E25EA945000D3E0E3 /* Constants.swift */; };
		E90D583425EA94A900D3E0E3 /* HomeMainView.swift in Sources */ = {isa = PBXBuildFile; fileRef = E90D583325EA94A900D3E0E3 /* HomeMainView.swift */; };
		E90D583925EA969E00D3E0E3 /* PopularSerieTableViewCell.swift in Sources */ = {isa = PBXBuildFile; fileRef = E90D583825EA969E00D3E0E3 /* PopularSerieTableViewCell.swift */; };
		E90D583E25EA9AA900D3E0E3 /* UIView+safeArea.swift in Sources */ = {isa = PBXBuildFile; fileRef = E90D583D25EA9AA900D3E0E3 /* UIView+safeArea.swift */; };
		E90D584325EA9B3300D3E0E3 /* ImageURLBuilder.swift in Sources */ = {isa = PBXBuildFile; fileRef = E90D584225EA9B3300D3E0E3 /* ImageURLBuilder.swift */; };
		E911DFCA25E96A78006FB09E /* HomeCoordinator.swift in Sources */ = {isa = PBXBuildFile; fileRef = E911DFC925E96A78006FB09E /* HomeCoordinator.swift */; };
		E98131BE25E974B6003BC64D /* Endpoint.swift in Sources */ = {isa = PBXBuildFile; fileRef = E98131BD25E974B6003BC64D /* Endpoint.swift */; };
		E98131C625E975E1003BC64D /* SeriesService.swift in Sources */ = {isa = PBXBuildFile; fileRef = E98131C525E975E1003BC64D /* SeriesService.swift */; };
		E98131CC25E978B0003BC64D /* HomeInteractor.swift in Sources */ = {isa = PBXBuildFile; fileRef = E98131CB25E978B0003BC64D /* HomeInteractor.swift */; };
		E98131D125E978C0003BC64D /* HomeProtocols.swift in Sources */ = {isa = PBXBuildFile; fileRef = E98131D025E978C0003BC64D /* HomeProtocols.swift */; };
		E98131D625E978EE003BC64D /* PopularSeriesModel.swift in Sources */ = {isa = PBXBuildFile; fileRef = E98131D525E978EE003BC64D /* PopularSeriesModel.swift */; };
		E98131DB25E978FB003BC64D /* SerieModel.swift in Sources */ = {isa = PBXBuildFile; fileRef = E98131DA25E978FB003BC64D /* SerieModel.swift */; };
		E9AE68E225E910DF00D7BA9F /* AppDelegate.swift in Sources */ = {isa = PBXBuildFile; fileRef = E9AE68E125E910DF00D7BA9F /* AppDelegate.swift */; };
		E9AE68E425E910DF00D7BA9F /* SceneDelegate.swift in Sources */ = {isa = PBXBuildFile; fileRef = E9AE68E325E910DF00D7BA9F /* SceneDelegate.swift */; };
		E9AE68E625E910DF00D7BA9F /* ViewController.swift in Sources */ = {isa = PBXBuildFile; fileRef = E9AE68E525E910DF00D7BA9F /* ViewController.swift */; };
		E9AE68EB25E910E000D7BA9F /* Assets.xcassets in Resources */ = {isa = PBXBuildFile; fileRef = E9AE68EA25E910E000D7BA9F /* Assets.xcassets */; };
		E9AE68EE25E910E000D7BA9F /* LaunchScreen.storyboard in Resources */ = {isa = PBXBuildFile; fileRef = E9AE68EC25E910E000D7BA9F /* LaunchScreen.storyboard */; };
		E9AE68F925E910E000D7BA9F /* SeriesAppTests.swift in Sources */ = {isa = PBXBuildFile; fileRef = E9AE68F825E910E000D7BA9F /* SeriesAppTests.swift */; };
		E9AE690425E910E000D7BA9F /* SeriesAppUITests.swift in Sources */ = {isa = PBXBuildFile; fileRef = E9AE690325E910E000D7BA9F /* SeriesAppUITests.swift */; };
		E9AE691B25E9114500D7BA9F /* Navigator.swift in Sources */ = {isa = PBXBuildFile; fileRef = E9AE691A25E9114500D7BA9F /* Navigator.swift */; };
		E9AE692625E9120900D7BA9F /* Protocols.swift in Sources */ = {isa = PBXBuildFile; fileRef = E9AE692525E9120900D7BA9F /* Protocols.swift */; };
		E9AE692D25E9128600D7BA9F /* NetworkingClient.swift in Sources */ = {isa = PBXBuildFile; fileRef = E9AE692C25E9128600D7BA9F /* NetworkingClient.swift */; };
		E9AE693625E912CC00D7BA9F /* UIImageView+downloaded.swift in Sources */ = {isa = PBXBuildFile; fileRef = E9AE693525E912CC00D7BA9F /* UIImageView+downloaded.swift */; };
/* End PBXBuildFile section */

/* Begin PBXContainerItemProxy section */
		E9AE68F525E910E000D7BA9F /* PBXContainerItemProxy */ = {
			isa = PBXContainerItemProxy;
			containerPortal = E9AE68D625E910DF00D7BA9F /* Project object */;
			proxyType = 1;
			remoteGlobalIDString = E9AE68DD25E910DF00D7BA9F;
			remoteInfo = SeriesApp;
		};
		E9AE690025E910E000D7BA9F /* PBXContainerItemProxy */ = {
			isa = PBXContainerItemProxy;
			containerPortal = E9AE68D625E910DF00D7BA9F /* Project object */;
			proxyType = 1;
			remoteGlobalIDString = E9AE68DD25E910DF00D7BA9F;
			remoteInfo = SeriesApp;
		};
/* End PBXContainerItemProxy section */

/* Begin PBXFileReference section */
		E90D581725EA8C0F00D3E0E3 /* SerieViewModel.swift */ = {isa = PBXFileReference; lastKnownFileType = sourcecode.swift; path = SerieViewModel.swift; sourceTree = "<group>"; };
		E90D581C25EA8CDE00D3E0E3 /* HomeViewModelMapper.swift */ = {isa = PBXFileReference; lastKnownFileType = sourcecode.swift; path = HomeViewModelMapper.swift; sourceTree = "<group>"; };
		E90D582125EA8F1600D3E0E3 /* HomePresenter.swift */ = {isa = PBXFileReference; lastKnownFileType = sourcecode.swift; path = HomePresenter.swift; sourceTree = "<group>"; };
		E90D582925EA935700D3E0E3 /* UIColor+hex.swift */ = {isa = PBXFileReference; lastKnownFileType = sourcecode.swift; path = "UIColor+hex.swift"; sourceTree = "<group>"; };
		E90D582E25EA945000D3E0E3 /* Constants.swift */ = {isa = PBXFileReference; lastKnownFileType = sourcecode.swift; path = Constants.swift; sourceTree = "<group>"; };
		E90D583325EA94A900D3E0E3 /* HomeMainView.swift */ = {isa = PBXFileReference; lastKnownFileType = sourcecode.swift; path = HomeMainView.swift; sourceTree = "<group>"; };
		E90D583825EA969E00D3E0E3 /* PopularSerieTableViewCell.swift */ = {isa = PBXFileReference; lastKnownFileType = sourcecode.swift; path = PopularSerieTableViewCell.swift; sourceTree = "<group>"; };
		E90D583D25EA9AA900D3E0E3 /* UIView+safeArea.swift */ = {isa = PBXFileReference; lastKnownFileType = sourcecode.swift; path = "UIView+safeArea.swift"; sourceTree = "<group>"; };
		E90D584225EA9B3300D3E0E3 /* ImageURLBuilder.swift */ = {isa = PBXFileReference; lastKnownFileType = sourcecode.swift; path = ImageURLBuilder.swift; sourceTree = "<group>"; };
		E911DFC925E96A78006FB09E /* HomeCoordinator.swift */ = {isa = PBXFileReference; lastKnownFileType = sourcecode.swift; path = HomeCoordinator.swift; sourceTree = "<group>"; };
		E98131BD25E974B6003BC64D /* Endpoint.swift */ = {isa = PBXFileReference; lastKnownFileType = sourcecode.swift; path = Endpoint.swift; sourceTree = "<group>"; };
		E98131C525E975E1003BC64D /* SeriesService.swift */ = {isa = PBXFileReference; lastKnownFileType = sourcecode.swift; path = SeriesService.swift; sourceTree = "<group>"; };
		E98131CB25E978B0003BC64D /* HomeInteractor.swift */ = {isa = PBXFileReference; lastKnownFileType = sourcecode.swift; path = HomeInteractor.swift; sourceTree = "<group>"; };
		E98131D025E978C0003BC64D /* HomeProtocols.swift */ = {isa = PBXFileReference; lastKnownFileType = sourcecode.swift; path = HomeProtocols.swift; sourceTree = "<group>"; };
		E98131D525E978EE003BC64D /* PopularSeriesModel.swift */ = {isa = PBXFileReference; lastKnownFileType = sourcecode.swift; path = PopularSeriesModel.swift; sourceTree = "<group>"; };
		E98131DA25E978FB003BC64D /* SerieModel.swift */ = {isa = PBXFileReference; lastKnownFileType = sourcecode.swift; path = SerieModel.swift; sourceTree = "<group>"; };
		E9AE68DE25E910DF00D7BA9F /* SeriesApp.app */ = {isa = PBXFileReference; explicitFileType = wrapper.application; includeInIndex = 0; path = SeriesApp.app; sourceTree = BUILT_PRODUCTS_DIR; };
		E9AE68E125E910DF00D7BA9F /* AppDelegate.swift */ = {isa = PBXFileReference; lastKnownFileType = sourcecode.swift; path = AppDelegate.swift; sourceTree = "<group>"; };
		E9AE68E325E910DF00D7BA9F /* SceneDelegate.swift */ = {isa = PBXFileReference; lastKnownFileType = sourcecode.swift; path = SceneDelegate.swift; sourceTree = "<group>"; };
		E9AE68E525E910DF00D7BA9F /* ViewController.swift */ = {isa = PBXFileReference; lastKnownFileType = sourcecode.swift; path = ViewController.swift; sourceTree = "<group>"; };
		E9AE68EA25E910E000D7BA9F /* Assets.xcassets */ = {isa = PBXFileReference; lastKnownFileType = folder.assetcatalog; path = Assets.xcassets; sourceTree = "<group>"; };
		E9AE68ED25E910E000D7BA9F /* Base */ = {isa = PBXFileReference; lastKnownFileType = file.storyboard; name = Base; path = Base.lproj/LaunchScreen.storyboard; sourceTree = "<group>"; };
		E9AE68EF25E910E000D7BA9F /* Info.plist */ = {isa = PBXFileReference; lastKnownFileType = text.plist.xml; path = Info.plist; sourceTree = "<group>"; };
		E9AE68F425E910E000D7BA9F /* SeriesAppTests.xctest */ = {isa = PBXFileReference; explicitFileType = wrapper.cfbundle; includeInIndex = 0; path = SeriesAppTests.xctest; sourceTree = BUILT_PRODUCTS_DIR; };
		E9AE68F825E910E000D7BA9F /* SeriesAppTests.swift */ = {isa = PBXFileReference; lastKnownFileType = sourcecode.swift; path = SeriesAppTests.swift; sourceTree = "<group>"; };
		E9AE68FA25E910E000D7BA9F /* Info.plist */ = {isa = PBXFileReference; lastKnownFileType = text.plist.xml; path = Info.plist; sourceTree = "<group>"; };
		E9AE68FF25E910E000D7BA9F /* SeriesAppUITests.xctest */ = {isa = PBXFileReference; explicitFileType = wrapper.cfbundle; includeInIndex = 0; path = SeriesAppUITests.xctest; sourceTree = BUILT_PRODUCTS_DIR; };
		E9AE690325E910E000D7BA9F /* SeriesAppUITests.swift */ = {isa = PBXFileReference; lastKnownFileType = sourcecode.swift; path = SeriesAppUITests.swift; sourceTree = "<group>"; };
		E9AE690525E910E000D7BA9F /* Info.plist */ = {isa = PBXFileReference; lastKnownFileType = text.plist.xml; path = Info.plist; sourceTree = "<group>"; };
		E9AE691A25E9114500D7BA9F /* Navigator.swift */ = {isa = PBXFileReference; lastKnownFileType = sourcecode.swift; path = Navigator.swift; sourceTree = "<group>"; };
		E9AE692525E9120900D7BA9F /* Protocols.swift */ = {isa = PBXFileReference; lastKnownFileType = sourcecode.swift; path = Protocols.swift; sourceTree = "<group>"; };
		E9AE692C25E9128600D7BA9F /* NetworkingClient.swift */ = {isa = PBXFileReference; lastKnownFileType = sourcecode.swift; path = NetworkingClient.swift; sourceTree = "<group>"; };
		E9AE693525E912CC00D7BA9F /* UIImageView+downloaded.swift */ = {isa = PBXFileReference; lastKnownFileType = sourcecode.swift; path = "UIImageView+downloaded.swift"; sourceTree = "<group>"; };
/* End PBXFileReference section */

/* Begin PBXFrameworksBuildPhase section */
		E9AE68DB25E910DF00D7BA9F /* Frameworks */ = {
			isa = PBXFrameworksBuildPhase;
			buildActionMask = 2147483647;
			files = (
			);
			runOnlyForDeploymentPostprocessing = 0;
		};
		E9AE68F125E910E000D7BA9F /* Frameworks */ = {
			isa = PBXFrameworksBuildPhase;
			buildActionMask = 2147483647;
			files = (
			);
			runOnlyForDeploymentPostprocessing = 0;
		};
		E9AE68FC25E910E000D7BA9F /* Frameworks */ = {
			isa = PBXFrameworksBuildPhase;
			buildActionMask = 2147483647;
			files = (
			);
			runOnlyForDeploymentPostprocessing = 0;
		};
/* End PBXFrameworksBuildPhase section */

/* Begin PBXGroup section */
		E98131BC25E974AB003BC64D /* Networking */ = {
			isa = PBXGroup;
			children = (
				E9AE692C25E9128600D7BA9F /* NetworkingClient.swift */,
				E98131BD25E974B6003BC64D /* Endpoint.swift */,
				E98131C525E975E1003BC64D /* SeriesService.swift */,
			);
			path = Networking;
			sourceTree = "<group>";
		};
		E98131CA25E9789E003BC64D /* Domain */ = {
			isa = PBXGroup;
			children = (
				E98131CB25E978B0003BC64D /* HomeInteractor.swift */,
				E90D581C25EA8CDE00D3E0E3 /* HomeViewModelMapper.swift */,
			);
			path = Domain;
			sourceTree = "<group>";
		};
		E98131DF25E97906003BC64D /* Entities */ = {
			isa = PBXGroup;
			children = (
				E98131D525E978EE003BC64D /* PopularSeriesModel.swift */,
				E98131DA25E978FB003BC64D /* SerieModel.swift */,
				E90D581725EA8C0F00D3E0E3 /* SerieViewModel.swift */,
			);
			path = Entities;
			sourceTree = "<group>";
		};
		E9AE68D525E910DF00D7BA9F = {
			isa = PBXGroup;
			children = (
				E9AE68E025E910DF00D7BA9F /* SeriesApp */,
				E9AE68F725E910E000D7BA9F /* SeriesAppTests */,
				E9AE690225E910E000D7BA9F /* SeriesAppUITests */,
				E9AE68DF25E910DF00D7BA9F /* Products */,
			);
			sourceTree = "<group>";
		};
		E9AE68DF25E910DF00D7BA9F /* Products */ = {
			isa = PBXGroup;
			children = (
				E9AE68DE25E910DF00D7BA9F /* SeriesApp.app */,
				E9AE68F425E910E000D7BA9F /* SeriesAppTests.xctest */,
				E9AE68FF25E910E000D7BA9F /* SeriesAppUITests.xctest */,
			);
			name = Products;
			sourceTree = "<group>";
		};
		E9AE68E025E910DF00D7BA9F /* SeriesApp */ = {
			isa = PBXGroup;
			children = (
				E9AE692425E911ED00D7BA9F /* Resources */,
				E9AE692125E911B500D7BA9F /* Scenes */,
				E9AE692025E911A800D7BA9F /* Common */,
				E9AE68E125E910DF00D7BA9F /* AppDelegate.swift */,
				E9AE68E325E910DF00D7BA9F /* SceneDelegate.swift */,
				E9AE68EF25E910E000D7BA9F /* Info.plist */,
			);
			path = SeriesApp;
			sourceTree = "<group>";
		};
		E9AE68F725E910E000D7BA9F /* SeriesAppTests */ = {
			isa = PBXGroup;
			children = (
				E9AE68F825E910E000D7BA9F /* SeriesAppTests.swift */,
				E9AE68FA25E910E000D7BA9F /* Info.plist */,
			);
			path = SeriesAppTests;
			sourceTree = "<group>";
		};
		E9AE690225E910E000D7BA9F /* SeriesAppUITests */ = {
			isa = PBXGroup;
			children = (
				E9AE690325E910E000D7BA9F /* SeriesAppUITests.swift */,
				E9AE690525E910E000D7BA9F /* Info.plist */,
			);
			path = SeriesAppUITests;
			sourceTree = "<group>";
		};
		E9AE692025E911A800D7BA9F /* Common */ = {
			isa = PBXGroup;
			children = (
				E98131BC25E974AB003BC64D /* Networking */,
				E9AE693425E912B100D7BA9F /* Extensions */,
				E9AE691A25E9114500D7BA9F /* Navigator.swift */,
				E9AE692525E9120900D7BA9F /* Protocols.swift */,
				E90D582E25EA945000D3E0E3 /* Constants.swift */,
			);
			path = Common;
			sourceTree = "<group>";
		};
		E9AE692125E911B500D7BA9F /* Scenes */ = {
			isa = PBXGroup;
			children = (
				E9AE692225E911DA00D7BA9F /* HomeScene */,
			);
			path = Scenes;
			sourceTree = "<group>";
		};
		E9AE692225E911DA00D7BA9F /* HomeScene */ = {
			isa = PBXGroup;
			children = (
				E9FCC48F25EA8A7F001DA2E4 /* Core */,
				E98131DF25E97906003BC64D /* Entities */,
				E98131CA25E9789E003BC64D /* Domain */,
				E9AE692325E911E000D7BA9F /* Presentation */,
			);
			path = HomeScene;
			sourceTree = "<group>";
		};
		E9AE692325E911E000D7BA9F /* Presentation */ = {
			isa = PBXGroup;
			children = (
				E9AE68E525E910DF00D7BA9F /* ViewController.swift */,
				E90D582125EA8F1600D3E0E3 /* HomePresenter.swift */,
				E90D583325EA94A900D3E0E3 /* HomeMainView.swift */,
				E90D583825EA969E00D3E0E3 /* PopularSerieTableViewCell.swift */,
			);
			path = Presentation;
			sourceTree = "<group>";
		};
		E9AE692425E911ED00D7BA9F /* Resources */ = {
			isa = PBXGroup;
			children = (
				E9AE68EC25E910E000D7BA9F /* LaunchScreen.storyboard */,
				E9AE68EA25E910E000D7BA9F /* Assets.xcassets */,
			);
			path = Resources;
			sourceTree = "<group>";
		};
		E9AE693425E912B100D7BA9F /* Extensions */ = {
			isa = PBXGroup;
			children = (
				E9AE693525E912CC00D7BA9F /* UIImageView+downloaded.swift */,
				E90D582925EA935700D3E0E3 /* UIColor+hex.swift */,
				E90D583D25EA9AA900D3E0E3 /* UIView+safeArea.swift */,
			);
			path = Extensions;
			sourceTree = "<group>";
		};
		E9FCC48F25EA8A7F001DA2E4 /* Core */ = {
			isa = PBXGroup;
			children = (
				E911DFC925E96A78006FB09E /* HomeCoordinator.swift */,
				E98131D025E978C0003BC64D /* HomeProtocols.swift */,
				E90D584225EA9B3300D3E0E3 /* ImageURLBuilder.swift */,
			);
			path = Core;
			sourceTree = "<group>";
		};
/* End PBXGroup section */

/* Begin PBXNativeTarget section */
		E9AE68DD25E910DF00D7BA9F /* SeriesApp */ = {
			isa = PBXNativeTarget;
			buildConfigurationList = E9AE690825E910E000D7BA9F /* Build configuration list for PBXNativeTarget "SeriesApp" */;
			buildPhases = (
				E9AE68DA25E910DF00D7BA9F /* Sources */,
				E9AE68DB25E910DF00D7BA9F /* Frameworks */,
				E9AE68DC25E910DF00D7BA9F /* Resources */,
			);
			buildRules = (
			);
			dependencies = (
			);
			name = SeriesApp;
			productName = SeriesApp;
			productReference = E9AE68DE25E910DF00D7BA9F /* SeriesApp.app */;
			productType = "com.apple.product-type.application";
		};
		E9AE68F325E910E000D7BA9F /* SeriesAppTests */ = {
			isa = PBXNativeTarget;
			buildConfigurationList = E9AE690B25E910E000D7BA9F /* Build configuration list for PBXNativeTarget "SeriesAppTests" */;
			buildPhases = (
				E9AE68F025E910E000D7BA9F /* Sources */,
				E9AE68F125E910E000D7BA9F /* Frameworks */,
				E9AE68F225E910E000D7BA9F /* Resources */,
			);
			buildRules = (
			);
			dependencies = (
				E9AE68F625E910E000D7BA9F /* PBXTargetDependency */,
			);
			name = SeriesAppTests;
			productName = SeriesAppTests;
			productReference = E9AE68F425E910E000D7BA9F /* SeriesAppTests.xctest */;
			productType = "com.apple.product-type.bundle.unit-test";
		};
		E9AE68FE25E910E000D7BA9F /* SeriesAppUITests */ = {
			isa = PBXNativeTarget;
			buildConfigurationList = E9AE690E25E910E000D7BA9F /* Build configuration list for PBXNativeTarget "SeriesAppUITests" */;
			buildPhases = (
				E9AE68FB25E910E000D7BA9F /* Sources */,
				E9AE68FC25E910E000D7BA9F /* Frameworks */,
				E9AE68FD25E910E000D7BA9F /* Resources */,
			);
			buildRules = (
			);
			dependencies = (
				E9AE690125E910E000D7BA9F /* PBXTargetDependency */,
			);
			name = SeriesAppUITests;
			productName = SeriesAppUITests;
			productReference = E9AE68FF25E910E000D7BA9F /* SeriesAppUITests.xctest */;
			productType = "com.apple.product-type.bundle.ui-testing";
		};
/* End PBXNativeTarget section */

/* Begin PBXProject section */
		E9AE68D625E910DF00D7BA9F /* Project object */ = {
			isa = PBXProject;
			attributes = {
				LastSwiftUpdateCheck = 1200;
				LastUpgradeCheck = 1200;
				TargetAttributes = {
					E9AE68DD25E910DF00D7BA9F = {
						CreatedOnToolsVersion = 12.0;
					};
					E9AE68F325E910E000D7BA9F = {
						CreatedOnToolsVersion = 12.0;
						TestTargetID = E9AE68DD25E910DF00D7BA9F;
					};
					E9AE68FE25E910E000D7BA9F = {
						CreatedOnToolsVersion = 12.0;
						TestTargetID = E9AE68DD25E910DF00D7BA9F;
					};
				};
			};
			buildConfigurationList = E9AE68D925E910DF00D7BA9F /* Build configuration list for PBXProject "SeriesApp" */;
			compatibilityVersion = "Xcode 9.3";
			developmentRegion = en;
			hasScannedForEncodings = 0;
			knownRegions = (
				en,
				Base,
			);
			mainGroup = E9AE68D525E910DF00D7BA9F;
			productRefGroup = E9AE68DF25E910DF00D7BA9F /* Products */;
			projectDirPath = "";
			projectRoot = "";
			targets = (
				E9AE68DD25E910DF00D7BA9F /* SeriesApp */,
				E9AE68F325E910E000D7BA9F /* SeriesAppTests */,
				E9AE68FE25E910E000D7BA9F /* SeriesAppUITests */,
			);
		};
/* End PBXProject section */

/* Begin PBXResourcesBuildPhase section */
		E9AE68DC25E910DF00D7BA9F /* Resources */ = {
			isa = PBXResourcesBuildPhase;
			buildActionMask = 2147483647;
			files = (
				E9AE68EE25E910E000D7BA9F /* LaunchScreen.storyboard in Resources */,
				E9AE68EB25E910E000D7BA9F /* Assets.xcassets in Resources */,
			);
			runOnlyForDeploymentPostprocessing = 0;
		};
		E9AE68F225E910E000D7BA9F /* Resources */ = {
			isa = PBXResourcesBuildPhase;
			buildActionMask = 2147483647;
			files = (
			);
			runOnlyForDeploymentPostprocessing = 0;
		};
		E9AE68FD25E910E000D7BA9F /* Resources */ = {
			isa = PBXResourcesBuildPhase;
			buildActionMask = 2147483647;
			files = (
			);
			runOnlyForDeploymentPostprocessing = 0;
		};
/* End PBXResourcesBuildPhase section */

/* Begin PBXSourcesBuildPhase section */
		E9AE68DA25E910DF00D7BA9F /* Sources */ = {
			isa = PBXSourcesBuildPhase;
			buildActionMask = 2147483647;
			files = (
				E9AE692625E9120900D7BA9F /* Protocols.swift in Sources */,
				E90D582F25EA945000D3E0E3 /* Constants.swift in Sources */,
				E98131CC25E978B0003BC64D /* HomeInteractor.swift in Sources */,
				E90D584325EA9B3300D3E0E3 /* ImageURLBuilder.swift in Sources */,
				E98131BE25E974B6003BC64D /* Endpoint.swift in Sources */,
				E9AE68E625E910DF00D7BA9F /* ViewController.swift in Sources */,
				E98131D125E978C0003BC64D /* HomeProtocols.swift in Sources */,
				E90D583E25EA9AA900D3E0E3 /* UIView+safeArea.swift in Sources */,
				E9AE692D25E9128600D7BA9F /* NetworkingClient.swift in Sources */,
				E90D582225EA8F1600D3E0E3 /* HomePresenter.swift in Sources */,
				E9AE691B25E9114500D7BA9F /* Navigator.swift in Sources */,
				E90D581825EA8C0F00D3E0E3 /* SerieViewModel.swift in Sources */,
				E9AE693625E912CC00D7BA9F /* UIImageView+downloaded.swift in Sources */,
				E98131DB25E978FB003BC64D /* SerieModel.swift in Sources */,
				E98131D625E978EE003BC64D /* PopularSeriesModel.swift in Sources */,
				E911DFCA25E96A78006FB09E /* HomeCoordinator.swift in Sources */,
				E9AE68E225E910DF00D7BA9F /* AppDelegate.swift in Sources */,
				E98131C625E975E1003BC64D /* SeriesService.swift in Sources */,
				E90D582A25EA935700D3E0E3 /* UIColor+hex.swift in Sources */,
				E90D583925EA969E00D3E0E3 /* PopularSerieTableViewCell.swift in Sources */,
				E90D581D25EA8CDE00D3E0E3 /* HomeViewModelMapper.swift in Sources */,
				E90D583425EA94A900D3E0E3 /* HomeMainView.swift in Sources */,
				E9AE68E425E910DF00D7BA9F /* SceneDelegate.swift in Sources */,
			);
			runOnlyForDeploymentPostprocessing = 0;
		};
		E9AE68F025E910E000D7BA9F /* Sources */ = {
			isa = PBXSourcesBuildPhase;
			buildActionMask = 2147483647;
			files = (
				E9AE68F925E910E000D7BA9F /* SeriesAppTests.swift in Sources */,
			);
			runOnlyForDeploymentPostprocessing = 0;
		};
		E9AE68FB25E910E000D7BA9F /* Sources */ = {
			isa = PBXSourcesBuildPhase;
			buildActionMask = 2147483647;
			files = (
				E9AE690425E910E000D7BA9F /* SeriesAppUITests.swift in Sources */,
			);
			runOnlyForDeploymentPostprocessing = 0;
		};
/* End PBXSourcesBuildPhase section */

/* Begin PBXTargetDependency section */
		E9AE68F625E910E000D7BA9F /* PBXTargetDependency */ = {
			isa = PBXTargetDependency;
			target = E9AE68DD25E910DF00D7BA9F /* SeriesApp */;
			targetProxy = E9AE68F525E910E000D7BA9F /* PBXContainerItemProxy */;
		};
		E9AE690125E910E000D7BA9F /* PBXTargetDependency */ = {
			isa = PBXTargetDependency;
			target = E9AE68DD25E910DF00D7BA9F /* SeriesApp */;
			targetProxy = E9AE690025E910E000D7BA9F /* PBXContainerItemProxy */;
		};
/* End PBXTargetDependency section */

/* Begin PBXVariantGroup section */
		E9AE68EC25E910E000D7BA9F /* LaunchScreen.storyboard */ = {
			isa = PBXVariantGroup;
			children = (
				E9AE68ED25E910E000D7BA9F /* Base */,
			);
			name = LaunchScreen.storyboard;
			sourceTree = "<group>";
		};
/* End PBXVariantGroup section */

/* Begin XCBuildConfiguration section */
		E9AE690625E910E000D7BA9F /* Debug */ = {
			isa = XCBuildConfiguration;
			buildSettings = {
				ALWAYS_SEARCH_USER_PATHS = NO;
				CLANG_ANALYZER_NONNULL = YES;
				CLANG_ANALYZER_NUMBER_OBJECT_CONVERSION = YES_AGGRESSIVE;
				CLANG_CXX_LANGUAGE_STANDARD = "gnu++14";
				CLANG_CXX_LIBRARY = "libc++";
				CLANG_ENABLE_MODULES = YES;
				CLANG_ENABLE_OBJC_ARC = YES;
				CLANG_ENABLE_OBJC_WEAK = YES;
				CLANG_WARN_BLOCK_CAPTURE_AUTORELEASING = YES;
				CLANG_WARN_BOOL_CONVERSION = YES;
				CLANG_WARN_COMMA = YES;
				CLANG_WARN_CONSTANT_CONVERSION = YES;
				CLANG_WARN_DEPRECATED_OBJC_IMPLEMENTATIONS = YES;
				CLANG_WARN_DIRECT_OBJC_ISA_USAGE = YES_ERROR;
				CLANG_WARN_DOCUMENTATION_COMMENTS = YES;
				CLANG_WARN_EMPTY_BODY = YES;
				CLANG_WARN_ENUM_CONVERSION = YES;
				CLANG_WARN_INFINITE_RECURSION = YES;
				CLANG_WARN_INT_CONVERSION = YES;
				CLANG_WARN_NON_LITERAL_NULL_CONVERSION = YES;
				CLANG_WARN_OBJC_IMPLICIT_RETAIN_SELF = YES;
				CLANG_WARN_OBJC_LITERAL_CONVERSION = YES;
				CLANG_WARN_OBJC_ROOT_CLASS = YES_ERROR;
				CLANG_WARN_QUOTED_INCLUDE_IN_FRAMEWORK_HEADER = YES;
				CLANG_WARN_RANGE_LOOP_ANALYSIS = YES;
				CLANG_WARN_STRICT_PROTOTYPES = YES;
				CLANG_WARN_SUSPICIOUS_MOVE = YES;
				CLANG_WARN_UNGUARDED_AVAILABILITY = YES_AGGRESSIVE;
				CLANG_WARN_UNREACHABLE_CODE = YES;
				CLANG_WARN__DUPLICATE_METHOD_MATCH = YES;
				COPY_PHASE_STRIP = NO;
				DEBUG_INFORMATION_FORMAT = dwarf;
				ENABLE_STRICT_OBJC_MSGSEND = YES;
				ENABLE_TESTABILITY = YES;
				GCC_C_LANGUAGE_STANDARD = gnu11;
				GCC_DYNAMIC_NO_PIC = NO;
				GCC_NO_COMMON_BLOCKS = YES;
				GCC_OPTIMIZATION_LEVEL = 0;
				GCC_PREPROCESSOR_DEFINITIONS = (
					"DEBUG=1",
					"$(inherited)",
				);
				GCC_WARN_64_TO_32_BIT_CONVERSION = YES;
				GCC_WARN_ABOUT_RETURN_TYPE = YES_ERROR;
				GCC_WARN_UNDECLARED_SELECTOR = YES;
				GCC_WARN_UNINITIALIZED_AUTOS = YES_AGGRESSIVE;
				GCC_WARN_UNUSED_FUNCTION = YES;
				GCC_WARN_UNUSED_VARIABLE = YES;
				IPHONEOS_DEPLOYMENT_TARGET = 14.0;
				MTL_ENABLE_DEBUG_INFO = INCLUDE_SOURCE;
				MTL_FAST_MATH = YES;
				ONLY_ACTIVE_ARCH = YES;
				SDKROOT = iphoneos;
				SWIFT_ACTIVE_COMPILATION_CONDITIONS = DEBUG;
				SWIFT_OPTIMIZATION_LEVEL = "-Onone";
			};
			name = Debug;
		};
		E9AE690725E910E000D7BA9F /* Release */ = {
			isa = XCBuildConfiguration;
			buildSettings = {
				ALWAYS_SEARCH_USER_PATHS = NO;
				CLANG_ANALYZER_NONNULL = YES;
				CLANG_ANALYZER_NUMBER_OBJECT_CONVERSION = YES_AGGRESSIVE;
				CLANG_CXX_LANGUAGE_STANDARD = "gnu++14";
				CLANG_CXX_LIBRARY = "libc++";
				CLANG_ENABLE_MODULES = YES;
				CLANG_ENABLE_OBJC_ARC = YES;
				CLANG_ENABLE_OBJC_WEAK = YES;
				CLANG_WARN_BLOCK_CAPTURE_AUTORELEASING = YES;
				CLANG_WARN_BOOL_CONVERSION = YES;
				CLANG_WARN_COMMA = YES;
				CLANG_WARN_CONSTANT_CONVERSION = YES;
				CLANG_WARN_DEPRECATED_OBJC_IMPLEMENTATIONS = YES;
				CLANG_WARN_DIRECT_OBJC_ISA_USAGE = YES_ERROR;
				CLANG_WARN_DOCUMENTATION_COMMENTS = YES;
				CLANG_WARN_EMPTY_BODY = YES;
				CLANG_WARN_ENUM_CONVERSION = YES;
				CLANG_WARN_INFINITE_RECURSION = YES;
				CLANG_WARN_INT_CONVERSION = YES;
				CLANG_WARN_NON_LITERAL_NULL_CONVERSION = YES;
				CLANG_WARN_OBJC_IMPLICIT_RETAIN_SELF = YES;
				CLANG_WARN_OBJC_LITERAL_CONVERSION = YES;
				CLANG_WARN_OBJC_ROOT_CLASS = YES_ERROR;
				CLANG_WARN_QUOTED_INCLUDE_IN_FRAMEWORK_HEADER = YES;
				CLANG_WARN_RANGE_LOOP_ANALYSIS = YES;
				CLANG_WARN_STRICT_PROTOTYPES = YES;
				CLANG_WARN_SUSPICIOUS_MOVE = YES;
				CLANG_WARN_UNGUARDED_AVAILABILITY = YES_AGGRESSIVE;
				CLANG_WARN_UNREACHABLE_CODE = YES;
				CLANG_WARN__DUPLICATE_METHOD_MATCH = YES;
				COPY_PHASE_STRIP = NO;
				DEBUG_INFORMATION_FORMAT = "dwarf-with-dsym";
				ENABLE_NS_ASSERTIONS = NO;
				ENABLE_STRICT_OBJC_MSGSEND = YES;
				GCC_C_LANGUAGE_STANDARD = gnu11;
				GCC_NO_COMMON_BLOCKS = YES;
				GCC_WARN_64_TO_32_BIT_CONVERSION = YES;
				GCC_WARN_ABOUT_RETURN_TYPE = YES_ERROR;
				GCC_WARN_UNDECLARED_SELECTOR = YES;
				GCC_WARN_UNINITIALIZED_AUTOS = YES_AGGRESSIVE;
				GCC_WARN_UNUSED_FUNCTION = YES;
				GCC_WARN_UNUSED_VARIABLE = YES;
				IPHONEOS_DEPLOYMENT_TARGET = 14.0;
				MTL_ENABLE_DEBUG_INFO = NO;
				MTL_FAST_MATH = YES;
				SDKROOT = iphoneos;
				SWIFT_COMPILATION_MODE = wholemodule;
				SWIFT_OPTIMIZATION_LEVEL = "-O";
				VALIDATE_PRODUCT = YES;
			};
			name = Release;
		};
		E9AE690925E910E000D7BA9F /* Debug */ = {
			isa = XCBuildConfiguration;
			buildSettings = {
				ASSETCATALOG_COMPILER_APPICON_NAME = AppIcon;
				ASSETCATALOG_COMPILER_GLOBAL_ACCENT_COLOR_NAME = AccentColor;
				CODE_SIGN_STYLE = Automatic;
				INFOPLIST_FILE = SeriesApp/Info.plist;
				LD_RUNPATH_SEARCH_PATHS = (
					"$(inherited)",
					"@executable_path/Frameworks",
				);
				PRODUCT_BUNDLE_IDENTIFIER = com.lautaropinto.SeriesApp;
				PRODUCT_NAME = "$(TARGET_NAME)";
				SWIFT_VERSION = 5.0;
				TARGETED_DEVICE_FAMILY = "1,2";
			};
			name = Debug;
		};
		E9AE690A25E910E000D7BA9F /* Release */ = {
			isa = XCBuildConfiguration;
			buildSettings = {
				ASSETCATALOG_COMPILER_APPICON_NAME = AppIcon;
				ASSETCATALOG_COMPILER_GLOBAL_ACCENT_COLOR_NAME = AccentColor;
				CODE_SIGN_STYLE = Automatic;
				INFOPLIST_FILE = SeriesApp/Info.plist;
				LD_RUNPATH_SEARCH_PATHS = (
					"$(inherited)",
					"@executable_path/Frameworks",
				);
				PRODUCT_BUNDLE_IDENTIFIER = com.lautaropinto.SeriesApp;
				PRODUCT_NAME = "$(TARGET_NAME)";
				SWIFT_VERSION = 5.0;
				TARGETED_DEVICE_FAMILY = "1,2";
			};
			name = Release;
		};
		E9AE690C25E910E000D7BA9F /* Debug */ = {
			isa = XCBuildConfiguration;
			buildSettings = {
				ALWAYS_EMBED_SWIFT_STANDARD_LIBRARIES = YES;
				BUNDLE_LOADER = "$(TEST_HOST)";
				CODE_SIGN_STYLE = Automatic;
				INFOPLIST_FILE = SeriesAppTests/Info.plist;
				IPHONEOS_DEPLOYMENT_TARGET = 14.0;
				LD_RUNPATH_SEARCH_PATHS = (
					"$(inherited)",
					"@executable_path/Frameworks",
					"@loader_path/Frameworks",
				);
				PRODUCT_BUNDLE_IDENTIFIER = com.lautaropinto.SeriesAppTests;
				PRODUCT_NAME = "$(TARGET_NAME)";
				SWIFT_VERSION = 5.0;
				TARGETED_DEVICE_FAMILY = "1,2";
				TEST_HOST = "$(BUILT_PRODUCTS_DIR)/SeriesApp.app/SeriesApp";
			};
			name = Debug;
		};
		E9AE690D25E910E000D7BA9F /* Release */ = {
			isa = XCBuildConfiguration;
			buildSettings = {
				ALWAYS_EMBED_SWIFT_STANDARD_LIBRARIES = YES;
				BUNDLE_LOADER = "$(TEST_HOST)";
				CODE_SIGN_STYLE = Automatic;
				INFOPLIST_FILE = SeriesAppTests/Info.plist;
				IPHONEOS_DEPLOYMENT_TARGET = 14.0;
				LD_RUNPATH_SEARCH_PATHS = (
					"$(inherited)",
					"@executable_path/Frameworks",
					"@loader_path/Frameworks",
				);
				PRODUCT_BUNDLE_IDENTIFIER = com.lautaropinto.SeriesAppTests;
				PRODUCT_NAME = "$(TARGET_NAME)";
				SWIFT_VERSION = 5.0;
				TARGETED_DEVICE_FAMILY = "1,2";
				TEST_HOST = "$(BUILT_PRODUCTS_DIR)/SeriesApp.app/SeriesApp";
			};
			name = Release;
		};
		E9AE690F25E910E000D7BA9F /* Debug */ = {
			isa = XCBuildConfiguration;
			buildSettings = {
				ALWAYS_EMBED_SWIFT_STANDARD_LIBRARIES = YES;
				CODE_SIGN_STYLE = Automatic;
				INFOPLIST_FILE = SeriesAppUITests/Info.plist;
				LD_RUNPATH_SEARCH_PATHS = (
					"$(inherited)",
					"@executable_path/Frameworks",
					"@loader_path/Frameworks",
				);
				PRODUCT_BUNDLE_IDENTIFIER = com.lautaropinto.SeriesAppUITests;
				PRODUCT_NAME = "$(TARGET_NAME)";
				SWIFT_VERSION = 5.0;
				TARGETED_DEVICE_FAMILY = "1,2";
				TEST_TARGET_NAME = SeriesApp;
			};
			name = Debug;
		};
		E9AE691025E910E000D7BA9F /* Release */ = {
			isa = XCBuildConfiguration;
			buildSettings = {
				ALWAYS_EMBED_SWIFT_STANDARD_LIBRARIES = YES;
				CODE_SIGN_STYLE = Automatic;
				INFOPLIST_FILE = SeriesAppUITests/Info.plist;
				LD_RUNPATH_SEARCH_PATHS = (
					"$(inherited)",
					"@executable_path/Frameworks",
					"@loader_path/Frameworks",
				);
				PRODUCT_BUNDLE_IDENTIFIER = com.lautaropinto.SeriesAppUITests;
				PRODUCT_NAME = "$(TARGET_NAME)";
				SWIFT_VERSION = 5.0;
				TARGETED_DEVICE_FAMILY = "1,2";
				TEST_TARGET_NAME = SeriesApp;
			};
			name = Release;
		};
/* End XCBuildConfiguration section */

/* Begin XCConfigurationList section */
		E9AE68D925E910DF00D7BA9F /* Build configuration list for PBXProject "SeriesApp" */ = {
			isa = XCConfigurationList;
			buildConfigurations = (
				E9AE690625E910E000D7BA9F /* Debug */,
				E9AE690725E910E000D7BA9F /* Release */,
			);
			defaultConfigurationIsVisible = 0;
			defaultConfigurationName = Release;
		};
		E9AE690825E910E000D7BA9F /* Build configuration list for PBXNativeTarget "SeriesApp" */ = {
			isa = XCConfigurationList;
			buildConfigurations = (
				E9AE690925E910E000D7BA9F /* Debug */,
				E9AE690A25E910E000D7BA9F /* Release */,
			);
			defaultConfigurationIsVisible = 0;
			defaultConfigurationName = Release;
		};
		E9AE690B25E910E000D7BA9F /* Build configuration list for PBXNativeTarget "SeriesAppTests" */ = {
			isa = XCConfigurationList;
			buildConfigurations = (
				E9AE690C25E910E000D7BA9F /* Debug */,
				E9AE690D25E910E000D7BA9F /* Release */,
			);
			defaultConfigurationIsVisible = 0;
			defaultConfigurationName = Release;
		};
		E9AE690E25E910E000D7BA9F /* Build configuration list for PBXNativeTarget "SeriesAppUITests" */ = {
			isa = XCConfigurationList;
			buildConfigurations = (
				E9AE690F25E910E000D7BA9F /* Debug */,
				E9AE691025E910E000D7BA9F /* Release */,
			);
			defaultConfigurationIsVisible = 0;
			defaultConfigurationName = Release;
		};
/* End XCConfigurationList section */
	};
	rootObject = E9AE68D625E910DF00D7BA9F /* Project object */;
}
